
Microsoft Visual Studio Solution File, Format Version 12.00
# Visual Studio Version 16
VisualStudioVersion = 16.0.31624.102
MinimumVisualStudioVersion = 10.0.40219.1
Project("{FAE04EC0-301F-11D3-BF4B-00C04F79EFBC}") = "Task7", "Task7\Task7.csproj", "{F393C603-C88F-443A-A318-5D7A30B1631C}"
EndProject
Global
	GlobalSection(SolutionConfigurationPlatforms) = preSolution
		Debug|Any CPU = Debug|Any CPU
		Release|Any CPU = Release|Any CPU
	EndGlobalSection
	GlobalSection(ProjectConfigurationPlatforms) = postSolution
		{F393C603-C88F-443A-A318-5D7A30B1631C}.Debug|Any CPU.ActiveCfg = Debug|Any CPU
		{F393C603-C88F-443A-A318-5D7A30B1631C}.Debug|Any CPU.Build.0 = Debug|Any CPU
		{F393C603-C88F-443A-A318-5D7A30B1631C}.Release|Any CPU.ActiveCfg = Release|Any CPU
		{F393C603-C88F-443A-A318-5D7A30B1631C}.Release|Any CPU.Build.0 = Release|Any CPU
	EndGlobalSection
	GlobalSection(SolutionProperties) = preSolution
		HideSolutionNode = FALSE
	EndGlobalSection
	GlobalSection(ExtensibilityGlobals) = postSolution
		SolutionGuid = {A181E8DC-F6CF-4584-A0B5-B89B41083601}
	EndGlobalSection
EndGlobal
